
Microsoft Visual Studio Solution File, Format Version 12.00
# Visual Studio 15
VisualStudioVersion = 15.0.28307.271
MinimumVisualStudioVersion = 10.0.40219.1
Project("{9A19103F-16F7-4668-BE54-9A1E7A4F7556}") = "Newsfeed", "Newsfeed\Newsfeed.csproj", "{D07233E5-CA60-4B05-B2B7-9AD162262F8D}"
EndProject
Project("{FAE04EC0-301F-11D3-BF4B-00C04F79EFBC}") = "NewsfeedUnitTest", "NewsfeedUnitTest\NewsfeedUnitTest.csproj", "{5BD4B7F5-4F46-42A1-A471-2228D0EFE005}"
EndProject
Global
	GlobalSection(SolutionConfigurationPlatforms) = preSolution
		Debug|Any CPU = Debug|Any CPU
		Release|Any CPU = Release|Any CPU
	EndGlobalSection
	GlobalSection(ProjectConfigurationPlatforms) = postSolution
		{D07233E5-CA60-4B05-B2B7-9AD162262F8D}.Debug|Any CPU.ActiveCfg = Debug|Any CPU
		{D07233E5-CA60-4B05-B2B7-9AD162262F8D}.Debug|Any CPU.Build.0 = Debug|Any CPU
		{D07233E5-CA60-4B05-B2B7-9AD162262F8D}.Release|Any CPU.ActiveCfg = Release|Any CPU
		{D07233E5-CA60-4B05-B2B7-9AD162262F8D}.Release|Any CPU.Build.0 = Release|Any CPU
		{5BD4B7F5-4F46-42A1-A471-2228D0EFE005}.Debug|Any CPU.ActiveCfg = Debug|Any CPU
		{5BD4B7F5-4F46-42A1-A471-2228D0EFE005}.Debug|Any CPU.Build.0 = Debug|Any CPU
		{5BD4B7F5-4F46-42A1-A471-2228D0EFE005}.Release|Any CPU.ActiveCfg = Release|Any CPU
		{5BD4B7F5-4F46-42A1-A471-2228D0EFE005}.Release|Any CPU.Build.0 = Release|Any CPU
	EndGlobalSection
	GlobalSection(SolutionProperties) = preSolution
		HideSolutionNode = FALSE
	EndGlobalSection
	GlobalSection(ExtensibilityGlobals) = postSolution
		SolutionGuid = {0BC39FF2-1643-48AF-85F3-FD9E9182D800}
	EndGlobalSection
EndGlobal
